
Microsoft Visual Studio Solution File, Format Version 12.00
# Visual Studio 2012
Project("{FAE04EC0-301F-11D3-BF4B-00C04F79EFBC}") = "Footstep", "Footstep\Footstep.csproj", "{FECD0AE4-51B8-4DA1-97CD-C0F67F80742B}"
EndProject
Global
	GlobalSection(SolutionConfigurationPlatforms) = preSolution
		Debug|Any CPU = Debug|Any CPU
		Debug|ARM = Debug|ARM
		Debug|x64 = Debug|x64
		Debug|x86 = Debug|x86
		Release|Any CPU = Release|Any CPU
		Release|ARM = Release|ARM
		Release|x64 = Release|x64
		Release|x86 = Release|x86
	EndGlobalSection
	GlobalSection(ProjectConfigurationPlatforms) = postSolution
		{FECD0AE4-51B8-4DA1-97CD-C0F67F80742B}.Debug|Any CPU.ActiveCfg = Debug|Any CPU
		{FECD0AE4-51B8-4DA1-97CD-C0F67F80742B}.Debug|Any CPU.Build.0 = Debug|Any CPU
		{FECD0AE4-51B8-4DA1-97CD-C0F67F80742B}.Debug|Any CPU.Deploy.0 = Debug|Any CPU
		{FECD0AE4-51B8-4DA1-97CD-C0F67F80742B}.Debug|ARM.ActiveCfg = Debug|ARM
		{FECD0AE4-51B8-4DA1-97CD-C0F67F80742B}.Debug|ARM.Build.0 = Debug|ARM
		{FECD0AE4-51B8-4DA1-97CD-C0F67F80742B}.Debug|ARM.Deploy.0 = Debug|ARM
		{FECD0AE4-51B8-4DA1-97CD-C0F67F80742B}.Debug|x64.ActiveCfg = Debug|x64
		{FECD0AE4-51B8-4DA1-97CD-C0F67F80742B}.Debug|x64.Build.0 = Debug|x64
		{FECD0AE4-51B8-4DA1-97CD-C0F67F80742B}.Debug|x64.Deploy.0 = Debug|x64
		{FECD0AE4-51B8-4DA1-97CD-C0F67F80742B}.Debug|x86.ActiveCfg = Debug|x86
		{FECD0AE4-51B8-4DA1-97CD-C0F67F80742B}.Debug|x86.Build.0 = Debug|x86
		{FECD0AE4-51B8-4DA1-97CD-C0F67F80742B}.Debug|x86.Deploy.0 = Debug|x86
		{FECD0AE4-51B8-4DA1-97CD-C0F67F80742B}.Release|Any CPU.ActiveCfg = Release|Any CPU
		{FECD0AE4-51B8-4DA1-97CD-C0F67F80742B}.Release|Any CPU.Build.0 = Release|Any CPU
		{FECD0AE4-51B8-4DA1-97CD-C0F67F80742B}.Release|Any CPU.Deploy.0 = Release|Any CPU
		{FECD0AE4-51B8-4DA1-97CD-C0F67F80742B}.Release|ARM.ActiveCfg = Release|ARM
		{FECD0AE4-51B8-4DA1-97CD-C0F67F80742B}.Release|ARM.Build.0 = Release|ARM
		{FECD0AE4-51B8-4DA1-97CD-C0F67F80742B}.Release|ARM.Deploy.0 = Release|ARM
		{FECD0AE4-51B8-4DA1-97CD-C0F67F80742B}.Release|x64.ActiveCfg = Release|x64
		{FECD0AE4-51B8-4DA1-97CD-C0F67F80742B}.Release|x64.Build.0 = Release|x64
		{FECD0AE4-51B8-4DA1-97CD-C0F67F80742B}.Release|x64.Deploy.0 = Release|x64
		{FECD0AE4-51B8-4DA1-97CD-C0F67F80742B}.Release|x86.ActiveCfg = Release|x86
		{FECD0AE4-51B8-4DA1-97CD-C0F67F80742B}.Release|x86.Build.0 = Release|x86
		{FECD0AE4-51B8-4DA1-97CD-C0F67F80742B}.Release|x86.Deploy.0 = Release|x86
	EndGlobalSection
	GlobalSection(SolutionProperties) = preSolution
		HideSolutionNode = FALSE
	EndGlobalSection
EndGlobal
